
Microsoft Visual Studio Solution File, Format Version 12.00
# Visual Studio Version 16
VisualStudioVersion = 25.0.1700.6
MinimumVisualStudioVersion = 10.0.40219.1
Project("{FAE04EC0-301F-11D3-BF4B-00C04F79EFBC}") = "ChooseYourPath", "ChooseYourPath\ChooseYourPath.csproj", "{1D5C1F9E-F234-46CA-BB74-E19564B3E536}"
EndProject
Global
	GlobalSection(SolutionConfigurationPlatforms) = preSolution
		Debug|Any CPU = Debug|Any CPU
		Release|Any CPU = Release|Any CPU
	EndGlobalSection
	GlobalSection(ProjectConfigurationPlatforms) = postSolution
		{1D5C1F9E-F234-46CA-BB74-E19564B3E536}.Debug|Any CPU.ActiveCfg = Debug|Any CPU
		{1D5C1F9E-F234-46CA-BB74-E19564B3E536}.Debug|Any CPU.Build.0 = Debug|Any CPU
		{1D5C1F9E-F234-46CA-BB74-E19564B3E536}.Release|Any CPU.ActiveCfg = Release|Any CPU
		{1D5C1F9E-F234-46CA-BB74-E19564B3E536}.Release|Any CPU.Build.0 = Release|Any CPU
	EndGlobalSection
	GlobalSection(SolutionProperties) = preSolution
		HideSolutionNode = FALSE
	EndGlobalSection
	GlobalSection(ExtensibilityGlobals) = postSolution
		SolutionGuid = {A37076E1-FD8C-4308-B1C1-6C0257FA02ED}
	EndGlobalSection
EndGlobal
